
Microsoft Visual Studio Solution File, Format Version 12.00
# Visual Studio 15
VisualStudioVersion = 15.0.26124.0
MinimumVisualStudioVersion = 15.0.26124.0
Project("{2150E333-8FDC-42A3-9474-1A3956D46DE8}") = "src", "src", "{EF01F9A9-A9BB-43BB-852F-F4D7A182F00D}"
EndProject
Project("{FAE04EC0-301F-11D3-BF4B-00C04F79EFBC}") = "pr0cessor.Cli", "src\pr0cessor.Cli\pr0cessor.Cli.csproj", "{D56AAFEE-AB8C-45D9-99A2-467C678D6987}"
EndProject
Project("{FAE04EC0-301F-11D3-BF4B-00C04F79EFBC}") = "pr0gramm.WebApi", "src\pr0gramm.WebApi\pr0gramm.WebApi.csproj", "{B9489F37-EC8F-4B90-8C6E-9518C76E3F00}"
EndProject
Project("{FAE04EC0-301F-11D3-BF4B-00C04F79EFBC}") = "pr0gramm.Domain", "src\pr0gramm.Domain\pr0gramm.Domain.csproj", "{001D8BD7-FC53-4AE5-B114-D20017184F59}"
EndProject
Project("{FAE04EC0-301F-11D3-BF4B-00C04F79EFBC}") = "pr0cessor.Persistence", "src\pr0cessor.Persistence\pr0cessor.Persistence.csproj", "{0A0D7FD3-0537-4316-8D77-26B86A5C6308}"
EndProject
Project("{FAE04EC0-301F-11D3-BF4B-00C04F79EFBC}") = "pr0cessor.Localization", "src\pr0cessor.Localization\pr0cessor.Localization.csproj", "{A596BF35-9D36-4E25-9406-695BF6B53099}"
EndProject
Project("{2150E333-8FDC-42A3-9474-1A3956D46DE8}") = "test", "test", "{C6196F21-CBB5-4E49-8418-203C292D9D1E}"
EndProject
Project("{FAE04EC0-301F-11D3-BF4B-00C04F79EFBC}") = "pr0cessor.Tests", "test\pr0cessor.Tests\pr0cessor.Tests.csproj", "{798D7896-98DF-4639-8A06-35B4B685EE9A}"
EndProject
Project("{FAE04EC0-301F-11D3-BF4B-00C04F79EFBC}") = "pr0cessor.Environment", "src\pr0cessor.Environment\pr0cessor.Environment.csproj", "{475D0AA6-4F46-46F3-8A55-EA9D036474B4}"
EndProject
Global
	GlobalSection(SolutionConfigurationPlatforms) = preSolution
		Debug|Any CPU = Debug|Any CPU
		Debug|x64 = Debug|x64
		Debug|x86 = Debug|x86
		Release|Any CPU = Release|Any CPU
		Release|x64 = Release|x64
		Release|x86 = Release|x86
	EndGlobalSection
	GlobalSection(SolutionProperties) = preSolution
		HideSolutionNode = FALSE
	EndGlobalSection
	GlobalSection(NestedProjects) = preSolution
		{38BA9725-B4CF-42A3-A728-1263F50B7DB3} = {EF01F9A9-A9BB-43BB-852F-F4D7A182F00D}
		{57742BE7-494F-4C12-BD64-D225CC7E7701} = {EF01F9A9-A9BB-43BB-852F-F4D7A182F00D}
		{D56AAFEE-AB8C-45D9-99A2-467C678D6987} = {EF01F9A9-A9BB-43BB-852F-F4D7A182F00D}
		{B9489F37-EC8F-4B90-8C6E-9518C76E3F00} = {EF01F9A9-A9BB-43BB-852F-F4D7A182F00D}
		{001D8BD7-FC53-4AE5-B114-D20017184F59} = {EF01F9A9-A9BB-43BB-852F-F4D7A182F00D}
		{0A0D7FD3-0537-4316-8D77-26B86A5C6308} = {EF01F9A9-A9BB-43BB-852F-F4D7A182F00D}
		{A596BF35-9D36-4E25-9406-695BF6B53099} = {EF01F9A9-A9BB-43BB-852F-F4D7A182F00D}
		{798D7896-98DF-4639-8A06-35B4B685EE9A} = {C6196F21-CBB5-4E49-8418-203C292D9D1E}
		{475D0AA6-4F46-46F3-8A55-EA9D036474B4} = {EF01F9A9-A9BB-43BB-852F-F4D7A182F00D}
	EndGlobalSection
	GlobalSection(ProjectConfigurationPlatforms) = postSolution
		{38BA9725-B4CF-42A3-A728-1263F50B7DB3}.Debug|Any CPU.ActiveCfg = Debug|Any CPU
		{38BA9725-B4CF-42A3-A728-1263F50B7DB3}.Debug|Any CPU.Build.0 = Debug|Any CPU
		{38BA9725-B4CF-42A3-A728-1263F50B7DB3}.Debug|x64.ActiveCfg = Debug|Any CPU
		{38BA9725-B4CF-42A3-A728-1263F50B7DB3}.Debug|x64.Build.0 = Debug|Any CPU
		{38BA9725-B4CF-42A3-A728-1263F50B7DB3}.Debug|x86.ActiveCfg = Debug|Any CPU
		{38BA9725-B4CF-42A3-A728-1263F50B7DB3}.Debug|x86.Build.0 = Debug|Any CPU
		{38BA9725-B4CF-42A3-A728-1263F50B7DB3}.Release|Any CPU.ActiveCfg = Release|Any CPU
		{38BA9725-B4CF-42A3-A728-1263F50B7DB3}.Release|Any CPU.Build.0 = Release|Any CPU
		{38BA9725-B4CF-42A3-A728-1263F50B7DB3}.Release|x64.ActiveCfg = Release|Any CPU
		{38BA9725-B4CF-42A3-A728-1263F50B7DB3}.Release|x64.Build.0 = Release|Any CPU
		{38BA9725-B4CF-42A3-A728-1263F50B7DB3}.Release|x86.ActiveCfg = Release|Any CPU
		{38BA9725-B4CF-42A3-A728-1263F50B7DB3}.Release|x86.Build.0 = Release|Any CPU
		{57742BE7-494F-4C12-BD64-D225CC7E7701}.Debug|Any CPU.ActiveCfg = Debug|Any CPU
		{57742BE7-494F-4C12-BD64-D225CC7E7701}.Debug|Any CPU.Build.0 = Debug|Any CPU
		{57742BE7-494F-4C12-BD64-D225CC7E7701}.Debug|x64.ActiveCfg = Debug|Any CPU
		{57742BE7-494F-4C12-BD64-D225CC7E7701}.Debug|x64.Build.0 = Debug|Any CPU
		{57742BE7-494F-4C12-BD64-D225CC7E7701}.Debug|x86.ActiveCfg = Debug|Any CPU
		{57742BE7-494F-4C12-BD64-D225CC7E7701}.Debug|x86.Build.0 = Debug|Any CPU
		{57742BE7-494F-4C12-BD64-D225CC7E7701}.Release|Any CPU.ActiveCfg = Release|Any CPU
		{57742BE7-494F-4C12-BD64-D225CC7E7701}.Release|Any CPU.Build.0 = Release|Any CPU
		{57742BE7-494F-4C12-BD64-D225CC7E7701}.Release|x64.ActiveCfg = Release|Any CPU
		{57742BE7-494F-4C12-BD64-D225CC7E7701}.Release|x64.Build.0 = Release|Any CPU
		{57742BE7-494F-4C12-BD64-D225CC7E7701}.Release|x86.ActiveCfg = Release|Any CPU
		{57742BE7-494F-4C12-BD64-D225CC7E7701}.Release|x86.Build.0 = Release|Any CPU
		{D56AAFEE-AB8C-45D9-99A2-467C678D6987}.Debug|Any CPU.ActiveCfg = Debug|Any CPU
		{D56AAFEE-AB8C-45D9-99A2-467C678D6987}.Debug|Any CPU.Build.0 = Debug|Any CPU
		{D56AAFEE-AB8C-45D9-99A2-467C678D6987}.Debug|x64.ActiveCfg = Debug|Any CPU
		{D56AAFEE-AB8C-45D9-99A2-467C678D6987}.Debug|x64.Build.0 = Debug|Any CPU
		{D56AAFEE-AB8C-45D9-99A2-467C678D6987}.Debug|x86.ActiveCfg = Debug|Any CPU
		{D56AAFEE-AB8C-45D9-99A2-467C678D6987}.Debug|x86.Build.0 = Debug|Any CPU
		{D56AAFEE-AB8C-45D9-99A2-467C678D6987}.Release|Any CPU.ActiveCfg = Release|Any CPU
		{D56AAFEE-AB8C-45D9-99A2-467C678D6987}.Release|Any CPU.Build.0 = Release|Any CPU
		{D56AAFEE-AB8C-45D9-99A2-467C678D6987}.Release|x64.ActiveCfg = Release|Any CPU
		{D56AAFEE-AB8C-45D9-99A2-467C678D6987}.Release|x64.Build.0 = Release|Any CPU
		{D56AAFEE-AB8C-45D9-99A2-467C678D6987}.Release|x86.ActiveCfg = Release|Any CPU
		{D56AAFEE-AB8C-45D9-99A2-467C678D6987}.Release|x86.Build.0 = Release|Any CPU
		{B9489F37-EC8F-4B90-8C6E-9518C76E3F00}.Debug|Any CPU.ActiveCfg = Debug|Any CPU
		{B9489F37-EC8F-4B90-8C6E-9518C76E3F00}.Debug|Any CPU.Build.0 = Debug|Any CPU
		{B9489F37-EC8F-4B90-8C6E-9518C76E3F00}.Debug|x64.ActiveCfg = Debug|Any CPU
		{B9489F37-EC8F-4B90-8C6E-9518C76E3F00}.Debug|x64.Build.0 = Debug|Any CPU
		{B9489F37-EC8F-4B90-8C6E-9518C76E3F00}.Debug|x86.ActiveCfg = Debug|Any CPU
		{B9489F37-EC8F-4B90-8C6E-9518C76E3F00}.Debug|x86.Build.0 = Debug|Any CPU
		{B9489F37-EC8F-4B90-8C6E-9518C76E3F00}.Release|Any CPU.ActiveCfg = Release|Any CPU
		{B9489F37-EC8F-4B90-8C6E-9518C76E3F00}.Release|Any CPU.Build.0 = Release|Any CPU
		{B9489F37-EC8F-4B90-8C6E-9518C76E3F00}.Release|x64.ActiveCfg = Release|Any CPU
		{B9489F37-EC8F-4B90-8C6E-9518C76E3F00}.Release|x64.Build.0 = Release|Any CPU
		{B9489F37-EC8F-4B90-8C6E-9518C76E3F00}.Release|x86.ActiveCfg = Release|Any CPU
		{B9489F37-EC8F-4B90-8C6E-9518C76E3F00}.Release|x86.Build.0 = Release|Any CPU
		{001D8BD7-FC53-4AE5-B114-D20017184F59}.Debug|Any CPU.ActiveCfg = Debug|Any CPU
		{001D8BD7-FC53-4AE5-B114-D20017184F59}.Debug|Any CPU.Build.0 = Debug|Any CPU
		{001D8BD7-FC53-4AE5-B114-D20017184F59}.Debug|x64.ActiveCfg = Debug|Any CPU
		{001D8BD7-FC53-4AE5-B114-D20017184F59}.Debug|x64.Build.0 = Debug|Any CPU
		{001D8BD7-FC53-4AE5-B114-D20017184F59}.Debug|x86.ActiveCfg = Debug|Any CPU
		{001D8BD7-FC53-4AE5-B114-D20017184F59}.Debug|x86.Build.0 = Debug|Any CPU
		{001D8BD7-FC53-4AE5-B114-D20017184F59}.Release|Any CPU.ActiveCfg = Release|Any CPU
		{001D8BD7-FC53-4AE5-B114-D20017184F59}.Release|Any CPU.Build.0 = Release|Any CPU
		{001D8BD7-FC53-4AE5-B114-D20017184F59}.Release|x64.ActiveCfg = Release|Any CPU
		{001D8BD7-FC53-4AE5-B114-D20017184F59}.Release|x64.Build.0 = Release|Any CPU
		{001D8BD7-FC53-4AE5-B114-D20017184F59}.Release|x86.ActiveCfg = Release|Any CPU
		{001D8BD7-FC53-4AE5-B114-D20017184F59}.Release|x86.Build.0 = Release|Any CPU
		{0A0D7FD3-0537-4316-8D77-26B86A5C6308}.Debug|Any CPU.ActiveCfg = Debug|Any CPU
		{0A0D7FD3-0537-4316-8D77-26B86A5C6308}.Debug|Any CPU.Build.0 = Debug|Any CPU
		{0A0D7FD3-0537-4316-8D77-26B86A5C6308}.Debug|x64.ActiveCfg = Debug|Any CPU
		{0A0D7FD3-0537-4316-8D77-26B86A5C6308}.Debug|x64.Build.0 = Debug|Any CPU
		{0A0D7FD3-0537-4316-8D77-26B86A5C6308}.Debug|x86.ActiveCfg = Debug|Any CPU
		{0A0D7FD3-0537-4316-8D77-26B86A5C6308}.Debug|x86.Build.0 = Debug|Any CPU
		{0A0D7FD3-0537-4316-8D77-26B86A5C6308}.Release|Any CPU.ActiveCfg = Release|Any CPU
		{0A0D7FD3-0537-4316-8D77-26B86A5C6308}.Release|Any CPU.Build.0 = Release|Any CPU
		{0A0D7FD3-0537-4316-8D77-26B86A5C6308}.Release|x64.ActiveCfg = Release|Any CPU
		{0A0D7FD3-0537-4316-8D77-26B86A5C6308}.Release|x64.Build.0 = Release|Any CPU
		{0A0D7FD3-0537-4316-8D77-26B86A5C6308}.Release|x86.ActiveCfg = Release|Any CPU
		{0A0D7FD3-0537-4316-8D77-26B86A5C6308}.Release|x86.Build.0 = Release|Any CPU
		{A596BF35-9D36-4E25-9406-695BF6B53099}.Debug|Any CPU.ActiveCfg = Debug|Any CPU
		{A596BF35-9D36-4E25-9406-695BF6B53099}.Debug|Any CPU.Build.0 = Debug|Any CPU
		{A596BF35-9D36-4E25-9406-695BF6B53099}.Debug|x64.ActiveCfg = Debug|Any CPU
		{A596BF35-9D36-4E25-9406-695BF6B53099}.Debug|x64.Build.0 = Debug|Any CPU
		{A596BF35-9D36-4E25-9406-695BF6B53099}.Debug|x86.ActiveCfg = Debug|Any CPU
		{A596BF35-9D36-4E25-9406-695BF6B53099}.Debug|x86.Build.0 = Debug|Any CPU
		{A596BF35-9D36-4E25-9406-695BF6B53099}.Release|Any CPU.ActiveCfg = Release|Any CPU
		{A596BF35-9D36-4E25-9406-695BF6B53099}.Release|Any CPU.Build.0 = Release|Any CPU
		{A596BF35-9D36-4E25-9406-695BF6B53099}.Release|x64.ActiveCfg = Release|Any CPU
		{A596BF35-9D36-4E25-9406-695BF6B53099}.Release|x64.Build.0 = Release|Any CPU
		{A596BF35-9D36-4E25-9406-695BF6B53099}.Release|x86.ActiveCfg = Release|Any CPU
		{A596BF35-9D36-4E25-9406-695BF6B53099}.Release|x86.Build.0 = Release|Any CPU
		{798D7896-98DF-4639-8A06-35B4B685EE9A}.Debug|Any CPU.ActiveCfg = Debug|Any CPU
		{798D7896-98DF-4639-8A06-35B4B685EE9A}.Debug|Any CPU.Build.0 = Debug|Any CPU
		{798D7896-98DF-4639-8A06-35B4B685EE9A}.Debug|x64.ActiveCfg = Debug|Any CPU
		{798D7896-98DF-4639-8A06-35B4B685EE9A}.Debug|x64.Build.0 = Debug|Any CPU
		{798D7896-98DF-4639-8A06-35B4B685EE9A}.Debug|x86.ActiveCfg = Debug|Any CPU
		{798D7896-98DF-4639-8A06-35B4B685EE9A}.Debug|x86.Build.0 = Debug|Any CPU
		{798D7896-98DF-4639-8A06-35B4B685EE9A}.Release|Any CPU.ActiveCfg = Release|Any CPU
		{798D7896-98DF-4639-8A06-35B4B685EE9A}.Release|Any CPU.Build.0 = Release|Any CPU
		{798D7896-98DF-4639-8A06-35B4B685EE9A}.Release|x64.ActiveCfg = Release|Any CPU
		{798D7896-98DF-4639-8A06-35B4B685EE9A}.Release|x64.Build.0 = Release|Any CPU
		{798D7896-98DF-4639-8A06-35B4B685EE9A}.Release|x86.ActiveCfg = Release|Any CPU
		{798D7896-98DF-4639-8A06-35B4B685EE9A}.Release|x86.Build.0 = Release|Any CPU
		{475D0AA6-4F46-46F3-8A55-EA9D036474B4}.Debug|Any CPU.ActiveCfg = Debug|Any CPU
		{475D0AA6-4F46-46F3-8A55-EA9D036474B4}.Debug|Any CPU.Build.0 = Debug|Any CPU
		{475D0AA6-4F46-46F3-8A55-EA9D036474B4}.Debug|x64.ActiveCfg = Debug|Any CPU
		{475D0AA6-4F46-46F3-8A55-EA9D036474B4}.Debug|x64.Build.0 = Debug|Any CPU
		{475D0AA6-4F46-46F3-8A55-EA9D036474B4}.Debug|x86.ActiveCfg = Debug|Any CPU
		{475D0AA6-4F46-46F3-8A55-EA9D036474B4}.Debug|x86.Build.0 = Debug|Any CPU
		{475D0AA6-4F46-46F3-8A55-EA9D036474B4}.Release|Any CPU.ActiveCfg = Release|Any CPU
		{475D0AA6-4F46-46F3-8A55-EA9D036474B4}.Release|Any CPU.Build.0 = Release|Any CPU
		{475D0AA6-4F46-46F3-8A55-EA9D036474B4}.Release|x64.ActiveCfg = Release|Any CPU
		{475D0AA6-4F46-46F3-8A55-EA9D036474B4}.Release|x64.Build.0 = Release|Any CPU
		{475D0AA6-4F46-46F3-8A55-EA9D036474B4}.Release|x86.ActiveCfg = Release|Any CPU
		{475D0AA6-4F46-46F3-8A55-EA9D036474B4}.Release|x86.Build.0 = Release|Any CPU
	EndGlobalSection
EndGlobal
